
Microsoft Visual Studio Solution File, Format Version 12.00
# Visual Studio Version 16
VisualStudioVersion = 16.0.30621.155
MinimumVisualStudioVersion = 10.0.40219.1
Project("{FAE04EC0-301F-11D3-BF4B-00C04F79EFBC}") = "tictactoe", "tictactoe\tictactoe.csproj", "{A282A54E-8836-4AC6-89CE-F2C6B6325D80}"
EndProject
Global
	GlobalSection(SolutionConfigurationPlatforms) = preSolution
		Debug|Any CPU = Debug|Any CPU
		Release|Any CPU = Release|Any CPU
	EndGlobalSection
	GlobalSection(ProjectConfigurationPlatforms) = postSolution
		{A282A54E-8836-4AC6-89CE-F2C6B6325D80}.Debug|Any CPU.ActiveCfg = Debug|Any CPU
		{A282A54E-8836-4AC6-89CE-F2C6B6325D80}.Debug|Any CPU.Build.0 = Debug|Any CPU
		{A282A54E-8836-4AC6-89CE-F2C6B6325D80}.Release|Any CPU.ActiveCfg = Release|Any CPU
		{A282A54E-8836-4AC6-89CE-F2C6B6325D80}.Release|Any CPU.Build.0 = Release|Any CPU
	EndGlobalSection
	GlobalSection(SolutionProperties) = preSolution
		HideSolutionNode = FALSE
	EndGlobalSection
	GlobalSection(ExtensibilityGlobals) = postSolution
		SolutionGuid = {6B20B1FB-BF2F-44E0-A5D1-F6B1777C84D9}
	EndGlobalSection
EndGlobal
